
Microsoft Visual Studio Solution File, Format Version 12.00
# Visual Studio Version 17
VisualStudioVersion = 17.0.31903.59
MinimumVisualStudioVersion = 10.0.40219.1
Project("{2150E333-8FDC-42A3-9474-1A3956D46DE8}") = "playground", "playground", "{AECA84A1-073B-49F3-A5FB-0218436826FB}"
EndProject
Project("{FAE04EC0-301F-11D3-BF4B-00C04F79EFBC}") = "TestProject.Data", "playground\TestProject.Data\TestProject.Data.csproj", "{288EEDA5-EC96-45F3-896B-067F5019C32A}"
EndProject
Project("{FAE04EC0-301F-11D3-BF4B-00C04F79EFBC}") = "TestProject.Server", "playground\TestProject.Server\TestProject.Server.csproj", "{32707482-95B4-4FD9-A08C-7783368C1F56}"
EndProject
Project("{FAE04EC0-301F-11D3-BF4B-00C04F79EFBC}") = "TestProject.Client.Wasm", "playground\TestProject.Client.Wasm\TestProject.Client.Wasm.csproj", "{CD59A1F1-CB14-4B83-99C2-24D8BC4629DE}"
EndProject
Project("{2150E333-8FDC-42A3-9474-1A3956D46DE8}") = "plugins", "plugins", "{01DBB80A-3191-4D30-93E5-350E1C46E70C}"
EndProject
Project("{2150E333-8FDC-42A3-9474-1A3956D46DE8}") = "email", "email", "{0C718A9F-ED39-4B9A-9D05-35FE371F954B}"
EndProject
Project("{2150E333-8FDC-42A3-9474-1A3956D46DE8}") = "src", "src", "{54399205-6828-4580-A233-B89EEE9F513C}"
EndProject
Project("{FAE04EC0-301F-11D3-BF4B-00C04F79EFBC}") = "Sienar.Plugins.MailKit", "plugins\email\src\Sienar.Plugins.MailKit\Sienar.Plugins.MailKit.csproj", "{BDC43676-8F1B-4EF1-8492-248C7EECC3EF}"
EndProject
Project("{2150E333-8FDC-42A3-9474-1A3956D46DE8}") = "shared", "shared", "{AB411524-8DBB-4BC9-BD47-BA8822402E93}"
EndProject
Project("{2150E333-8FDC-42A3-9474-1A3956D46DE8}") = "src", "src", "{11C863C2-C181-4284-974F-9DEC271D6EE3}"
EndProject
Project("{FAE04EC0-301F-11D3-BF4B-00C04F79EFBC}") = "Sienar.Utils", "shared\src\Sienar.Utils\Sienar.Utils.csproj", "{CD5E598C-20F1-4E00-87A6-1046C8D8D034}"
EndProject
Project("{FAE04EC0-301F-11D3-BF4B-00C04F79EFBC}") = "Sienar.Utils.Sqlite", "shared\src\Sienar.Utils.Sqlite\Sienar.Utils.Sqlite.csproj", "{CA5D53AF-B6FC-4B75-B487-2549F8246F28}"
EndProject
Project("{FAE04EC0-301F-11D3-BF4B-00C04F79EFBC}") = "Sienar.Ui", "shared\src\Sienar.Ui\Sienar.Ui.csproj", "{FB99F387-A199-4CC3-9654-61ADD3087980}"
EndProject
Project("{2150E333-8FDC-42A3-9474-1A3956D46DE8}") = "tests", "tests", "{2FD53AC3-8BF0-4DD4-8DE8-AE0F61C077A3}"
EndProject
Project("{FAE04EC0-301F-11D3-BF4B-00C04F79EFBC}") = "Sienar.Utils.Tests", "shared\tests\Sienar.Utils.Tests\Sienar.Utils.Tests.csproj", "{757F285A-17D6-4387-886B-FC44445F1C1B}"
EndProject
Project("{FAE04EC0-301F-11D3-BF4B-00C04F79EFBC}") = "Sienar.Utils.Blazor", "shared\src\Sienar.Utils.Blazor\Sienar.Utils.Blazor.csproj", "{B737D83C-D052-44C9-B75D-4E0992AF953E}"
EndProject
Project("{2150E333-8FDC-42A3-9474-1A3956D46DE8}") = "identity", "identity", "{D9A73344-DB2F-4065-B6E9-EEBE0601436F}"
EndProject
Project("{2150E333-8FDC-42A3-9474-1A3956D46DE8}") = "src", "src", "{1C5B004B-3A32-4D94-9583-568914BBE946}"
EndProject
Project("{FAE04EC0-301F-11D3-BF4B-00C04F79EFBC}") = "Sienar.Plugins.Identity.Shared", "plugins\identity\src\Sienar.Plugins.Identity.Shared\Sienar.Plugins.Identity.Shared.csproj", "{BBF508D2-EDF5-4D6C-AEBE-EE4FAFB1F642}"
EndProject
Project("{FAE04EC0-301F-11D3-BF4B-00C04F79EFBC}") = "Sienar.Plugins.Identity.Client", "plugins\identity\src\Sienar.Plugins.Identity.Client\Sienar.Plugins.Identity.Client.csproj", "{F9B49728-26DD-4EBD-9512-66B8B4709B3C}"
EndProject
Project("{FAE04EC0-301F-11D3-BF4B-00C04F79EFBC}") = "Sienar.Plugins.Identity.Server", "plugins\identity\src\Sienar.Plugins.Identity.Server\Sienar.Plugins.Identity.Server.csproj", "{85B1775F-030C-4BE8-AF6A-A473B4AD68EE}"
EndProject
Project("{2150E333-8FDC-42A3-9474-1A3956D46DE8}") = "core", "core", "{609794E4-4A3D-4430-863B-5382AD4B585A}"
EndProject
Project("{2150E333-8FDC-42A3-9474-1A3956D46DE8}") = "src", "src", "{85B30A28-4595-4CE4-9A00-3DAE5B0F4FFF}"
EndProject
Project("{FAE04EC0-301F-11D3-BF4B-00C04F79EFBC}") = "Sienar.Plugins.Core.Client", "plugins\core\src\Sienar.Plugins.Core.Client\Sienar.Plugins.Core.Client.csproj", "{2030D6E4-A1BC-4BEE-805D-3356F5EE8BCB}"
EndProject
Project("{FAE04EC0-301F-11D3-BF4B-00C04F79EFBC}") = "Sienar.Plugins.Core.Server", "plugins\core\src\Sienar.Plugins.Core.Server\Sienar.Plugins.Core.Server.csproj", "{EB6E4C24-A9E1-4187-ACAD-37A1A6638516}"
EndProject
Project("{2150E333-8FDC-42A3-9474-1A3956D46DE8}") = "architecture", "architecture", "{5FFAD9EC-F653-4607-B054-26D7051226B6}"
EndProject
Project("{2150E333-8FDC-42A3-9474-1A3956D46DE8}") = "src", "src", "{0225173F-8318-4B1A-96F7-64C74977A53A}"
EndProject
Project("{FAE04EC0-301F-11D3-BF4B-00C04F79EFBC}") = "Sienar.Architecture.EntityFramework", "architecture\src\Sienar.Architecture.EntityFramework\Sienar.Architecture.EntityFramework.csproj", "{C0AC1893-DBC9-4B03-B4DF-EA4280CAFEC0}"
EndProject
Project("{FAE04EC0-301F-11D3-BF4B-00C04F79EFBC}") = "Sienar.Architecture.Rest", "architecture\src\Sienar.Architecture.Rest\Sienar.Architecture.Rest.csproj", "{A825B3A1-14F5-4018-B4A3-B6998844A39A}"
EndProject
Global
	GlobalSection(SolutionConfigurationPlatforms) = preSolution
		Debug|Any CPU = Debug|Any CPU
		Release|Any CPU = Release|Any CPU
	EndGlobalSection
	GlobalSection(SolutionProperties) = preSolution
		HideSolutionNode = FALSE
	EndGlobalSection
	GlobalSection(ProjectConfigurationPlatforms) = postSolution
		{288EEDA5-EC96-45F3-896B-067F5019C32A}.Debug|Any CPU.ActiveCfg = Debug|Any CPU
		{288EEDA5-EC96-45F3-896B-067F5019C32A}.Debug|Any CPU.Build.0 = Debug|Any CPU
		{288EEDA5-EC96-45F3-896B-067F5019C32A}.Release|Any CPU.ActiveCfg = Release|Any CPU
		{288EEDA5-EC96-45F3-896B-067F5019C32A}.Release|Any CPU.Build.0 = Release|Any CPU
		{32707482-95B4-4FD9-A08C-7783368C1F56}.Debug|Any CPU.ActiveCfg = Debug|Any CPU
		{32707482-95B4-4FD9-A08C-7783368C1F56}.Debug|Any CPU.Build.0 = Debug|Any CPU
		{32707482-95B4-4FD9-A08C-7783368C1F56}.Release|Any CPU.ActiveCfg = Release|Any CPU
		{32707482-95B4-4FD9-A08C-7783368C1F56}.Release|Any CPU.Build.0 = Release|Any CPU
		{CD59A1F1-CB14-4B83-99C2-24D8BC4629DE}.Debug|Any CPU.ActiveCfg = Debug|Any CPU
		{CD59A1F1-CB14-4B83-99C2-24D8BC4629DE}.Debug|Any CPU.Build.0 = Debug|Any CPU
		{CD59A1F1-CB14-4B83-99C2-24D8BC4629DE}.Release|Any CPU.ActiveCfg = Release|Any CPU
		{CD59A1F1-CB14-4B83-99C2-24D8BC4629DE}.Release|Any CPU.Build.0 = Release|Any CPU
		{BDC43676-8F1B-4EF1-8492-248C7EECC3EF}.Debug|Any CPU.ActiveCfg = Debug|Any CPU
		{BDC43676-8F1B-4EF1-8492-248C7EECC3EF}.Debug|Any CPU.Build.0 = Debug|Any CPU
		{BDC43676-8F1B-4EF1-8492-248C7EECC3EF}.Release|Any CPU.ActiveCfg = Release|Any CPU
		{BDC43676-8F1B-4EF1-8492-248C7EECC3EF}.Release|Any CPU.Build.0 = Release|Any CPU
		{CD5E598C-20F1-4E00-87A6-1046C8D8D034}.Debug|Any CPU.ActiveCfg = Debug|Any CPU
		{CD5E598C-20F1-4E00-87A6-1046C8D8D034}.Debug|Any CPU.Build.0 = Debug|Any CPU
		{CD5E598C-20F1-4E00-87A6-1046C8D8D034}.Release|Any CPU.ActiveCfg = Release|Any CPU
		{CD5E598C-20F1-4E00-87A6-1046C8D8D034}.Release|Any CPU.Build.0 = Release|Any CPU
		{CA5D53AF-B6FC-4B75-B487-2549F8246F28}.Debug|Any CPU.ActiveCfg = Debug|Any CPU
		{CA5D53AF-B6FC-4B75-B487-2549F8246F28}.Debug|Any CPU.Build.0 = Debug|Any CPU
		{CA5D53AF-B6FC-4B75-B487-2549F8246F28}.Release|Any CPU.ActiveCfg = Release|Any CPU
		{CA5D53AF-B6FC-4B75-B487-2549F8246F28}.Release|Any CPU.Build.0 = Release|Any CPU
		{FB99F387-A199-4CC3-9654-61ADD3087980}.Debug|Any CPU.ActiveCfg = Debug|Any CPU
		{FB99F387-A199-4CC3-9654-61ADD3087980}.Debug|Any CPU.Build.0 = Debug|Any CPU
		{FB99F387-A199-4CC3-9654-61ADD3087980}.Release|Any CPU.ActiveCfg = Release|Any CPU
		{FB99F387-A199-4CC3-9654-61ADD3087980}.Release|Any CPU.Build.0 = Release|Any CPU
		{757F285A-17D6-4387-886B-FC44445F1C1B}.Debug|Any CPU.ActiveCfg = Debug|Any CPU
		{757F285A-17D6-4387-886B-FC44445F1C1B}.Debug|Any CPU.Build.0 = Debug|Any CPU
		{757F285A-17D6-4387-886B-FC44445F1C1B}.Release|Any CPU.ActiveCfg = Release|Any CPU
		{757F285A-17D6-4387-886B-FC44445F1C1B}.Release|Any CPU.Build.0 = Release|Any CPU
		{B737D83C-D052-44C9-B75D-4E0992AF953E}.Debug|Any CPU.ActiveCfg = Debug|Any CPU
		{B737D83C-D052-44C9-B75D-4E0992AF953E}.Debug|Any CPU.Build.0 = Debug|Any CPU
		{B737D83C-D052-44C9-B75D-4E0992AF953E}.Release|Any CPU.ActiveCfg = Release|Any CPU
		{B737D83C-D052-44C9-B75D-4E0992AF953E}.Release|Any CPU.Build.0 = Release|Any CPU
		{BBF508D2-EDF5-4D6C-AEBE-EE4FAFB1F642}.Debug|Any CPU.ActiveCfg = Debug|Any CPU
		{BBF508D2-EDF5-4D6C-AEBE-EE4FAFB1F642}.Debug|Any CPU.Build.0 = Debug|Any CPU
		{BBF508D2-EDF5-4D6C-AEBE-EE4FAFB1F642}.Release|Any CPU.ActiveCfg = Release|Any CPU
		{BBF508D2-EDF5-4D6C-AEBE-EE4FAFB1F642}.Release|Any CPU.Build.0 = Release|Any CPU
		{F9B49728-26DD-4EBD-9512-66B8B4709B3C}.Debug|Any CPU.ActiveCfg = Debug|Any CPU
		{F9B49728-26DD-4EBD-9512-66B8B4709B3C}.Debug|Any CPU.Build.0 = Debug|Any CPU
		{F9B49728-26DD-4EBD-9512-66B8B4709B3C}.Release|Any CPU.ActiveCfg = Release|Any CPU
		{F9B49728-26DD-4EBD-9512-66B8B4709B3C}.Release|Any CPU.Build.0 = Release|Any CPU
		{85B1775F-030C-4BE8-AF6A-A473B4AD68EE}.Debug|Any CPU.ActiveCfg = Debug|Any CPU
		{85B1775F-030C-4BE8-AF6A-A473B4AD68EE}.Debug|Any CPU.Build.0 = Debug|Any CPU
		{85B1775F-030C-4BE8-AF6A-A473B4AD68EE}.Release|Any CPU.ActiveCfg = Release|Any CPU
		{85B1775F-030C-4BE8-AF6A-A473B4AD68EE}.Release|Any CPU.Build.0 = Release|Any CPU
		{2030D6E4-A1BC-4BEE-805D-3356F5EE8BCB}.Debug|Any CPU.ActiveCfg = Debug|Any CPU
		{2030D6E4-A1BC-4BEE-805D-3356F5EE8BCB}.Debug|Any CPU.Build.0 = Debug|Any CPU
		{2030D6E4-A1BC-4BEE-805D-3356F5EE8BCB}.Release|Any CPU.ActiveCfg = Release|Any CPU
		{2030D6E4-A1BC-4BEE-805D-3356F5EE8BCB}.Release|Any CPU.Build.0 = Release|Any CPU
		{EB6E4C24-A9E1-4187-ACAD-37A1A6638516}.Debug|Any CPU.ActiveCfg = Debug|Any CPU
		{EB6E4C24-A9E1-4187-ACAD-37A1A6638516}.Debug|Any CPU.Build.0 = Debug|Any CPU
		{EB6E4C24-A9E1-4187-ACAD-37A1A6638516}.Release|Any CPU.ActiveCfg = Release|Any CPU
		{EB6E4C24-A9E1-4187-ACAD-37A1A6638516}.Release|Any CPU.Build.0 = Release|Any CPU
		{C0AC1893-DBC9-4B03-B4DF-EA4280CAFEC0}.Debug|Any CPU.ActiveCfg = Debug|Any CPU
		{C0AC1893-DBC9-4B03-B4DF-EA4280CAFEC0}.Debug|Any CPU.Build.0 = Debug|Any CPU
		{C0AC1893-DBC9-4B03-B4DF-EA4280CAFEC0}.Release|Any CPU.ActiveCfg = Release|Any CPU
		{C0AC1893-DBC9-4B03-B4DF-EA4280CAFEC0}.Release|Any CPU.Build.0 = Release|Any CPU
		{A825B3A1-14F5-4018-B4A3-B6998844A39A}.Debug|Any CPU.ActiveCfg = Debug|Any CPU
		{A825B3A1-14F5-4018-B4A3-B6998844A39A}.Debug|Any CPU.Build.0 = Debug|Any CPU
		{A825B3A1-14F5-4018-B4A3-B6998844A39A}.Release|Any CPU.ActiveCfg = Release|Any CPU
		{A825B3A1-14F5-4018-B4A3-B6998844A39A}.Release|Any CPU.Build.0 = Release|Any CPU
	EndGlobalSection
	GlobalSection(NestedProjects) = preSolution
		{288EEDA5-EC96-45F3-896B-067F5019C32A} = {AECA84A1-073B-49F3-A5FB-0218436826FB}
		{32707482-95B4-4FD9-A08C-7783368C1F56} = {AECA84A1-073B-49F3-A5FB-0218436826FB}
		{CD59A1F1-CB14-4B83-99C2-24D8BC4629DE} = {AECA84A1-073B-49F3-A5FB-0218436826FB}
		{0C718A9F-ED39-4B9A-9D05-35FE371F954B} = {01DBB80A-3191-4D30-93E5-350E1C46E70C}
		{54399205-6828-4580-A233-B89EEE9F513C} = {0C718A9F-ED39-4B9A-9D05-35FE371F954B}
		{BDC43676-8F1B-4EF1-8492-248C7EECC3EF} = {54399205-6828-4580-A233-B89EEE9F513C}
		{11C863C2-C181-4284-974F-9DEC271D6EE3} = {AB411524-8DBB-4BC9-BD47-BA8822402E93}
		{CD5E598C-20F1-4E00-87A6-1046C8D8D034} = {11C863C2-C181-4284-974F-9DEC271D6EE3}
		{CA5D53AF-B6FC-4B75-B487-2549F8246F28} = {11C863C2-C181-4284-974F-9DEC271D6EE3}
		{FB99F387-A199-4CC3-9654-61ADD3087980} = {11C863C2-C181-4284-974F-9DEC271D6EE3}
		{2FD53AC3-8BF0-4DD4-8DE8-AE0F61C077A3} = {AB411524-8DBB-4BC9-BD47-BA8822402E93}
		{757F285A-17D6-4387-886B-FC44445F1C1B} = {2FD53AC3-8BF0-4DD4-8DE8-AE0F61C077A3}
		{B737D83C-D052-44C9-B75D-4E0992AF953E} = {11C863C2-C181-4284-974F-9DEC271D6EE3}
		{D9A73344-DB2F-4065-B6E9-EEBE0601436F} = {01DBB80A-3191-4D30-93E5-350E1C46E70C}
		{1C5B004B-3A32-4D94-9583-568914BBE946} = {D9A73344-DB2F-4065-B6E9-EEBE0601436F}
		{BBF508D2-EDF5-4D6C-AEBE-EE4FAFB1F642} = {1C5B004B-3A32-4D94-9583-568914BBE946}
		{F9B49728-26DD-4EBD-9512-66B8B4709B3C} = {1C5B004B-3A32-4D94-9583-568914BBE946}
		{85B1775F-030C-4BE8-AF6A-A473B4AD68EE} = {1C5B004B-3A32-4D94-9583-568914BBE946}
		{609794E4-4A3D-4430-863B-5382AD4B585A} = {01DBB80A-3191-4D30-93E5-350E1C46E70C}
		{85B30A28-4595-4CE4-9A00-3DAE5B0F4FFF} = {609794E4-4A3D-4430-863B-5382AD4B585A}
		{2030D6E4-A1BC-4BEE-805D-3356F5EE8BCB} = {85B30A28-4595-4CE4-9A00-3DAE5B0F4FFF}
		{EB6E4C24-A9E1-4187-ACAD-37A1A6638516} = {85B30A28-4595-4CE4-9A00-3DAE5B0F4FFF}
		{0225173F-8318-4B1A-96F7-64C74977A53A} = {5FFAD9EC-F653-4607-B054-26D7051226B6}
		{C0AC1893-DBC9-4B03-B4DF-EA4280CAFEC0} = {0225173F-8318-4B1A-96F7-64C74977A53A}
		{A825B3A1-14F5-4018-B4A3-B6998844A39A} = {0225173F-8318-4B1A-96F7-64C74977A53A}
	EndGlobalSection
EndGlobal
