
Microsoft Visual Studio Solution File, Format Version 12.00
# Visual Studio Version 17
VisualStudioVersion = 17.0.31903.59
MinimumVisualStudioVersion = 10.0.40219.1
Project("{2150E333-8FDC-42A3-9474-1A3956D46DE8}") = "playground", "playground", "{AECA84A1-073B-49F3-A5FB-0218436826FB}"
EndProject
Project("{FAE04EC0-301F-11D3-BF4B-00C04F79EFBC}") = "TestProject.Data", "playground\TestProject.Data\TestProject.Data.csproj", "{288EEDA5-EC96-45F3-896B-067F5019C32A}"
EndProject
Project("{FAE04EC0-301F-11D3-BF4B-00C04F79EFBC}") = "TestProject.Server", "playground\TestProject.Server\TestProject.Server.csproj", "{32707482-95B4-4FD9-A08C-7783368C1F56}"
EndProject
Project("{FAE04EC0-301F-11D3-BF4B-00C04F79EFBC}") = "TestProject.Client.Wasm", "playground\TestProject.Client.Wasm\TestProject.Client.Wasm.csproj", "{CD59A1F1-CB14-4B83-99C2-24D8BC4629DE}"
EndProject
Project("{2150E333-8FDC-42A3-9474-1A3956D46DE8}") = "plugins", "plugins", "{01DBB80A-3191-4D30-93E5-350E1C46E70C}"
EndProject
Project("{2150E333-8FDC-42A3-9474-1A3956D46DE8}") = "email", "email", "{0C718A9F-ED39-4B9A-9D05-35FE371F954B}"
EndProject
Project("{2150E333-8FDC-42A3-9474-1A3956D46DE8}") = "src", "src", "{54399205-6828-4580-A233-B89EEE9F513C}"
EndProject
Project("{FAE04EC0-301F-11D3-BF4B-00C04F79EFBC}") = "Sienar.Plugins.MailKit", "plugins\email\src\Sienar.Plugins.MailKit\Sienar.Plugins.MailKit.csproj", "{BDC43676-8F1B-4EF1-8492-248C7EECC3EF}"
EndProject
Project("{2150E333-8FDC-42A3-9474-1A3956D46DE8}") = "core", "core", "{AF8E8EEF-ED6D-4B46-BE1D-B32907AD3D00}"
EndProject
Project("{2150E333-8FDC-42A3-9474-1A3956D46DE8}") = "src", "src", "{CE96BC54-D099-4B3A-9CAB-DBB804630064}"
EndProject
Project("{FAE04EC0-301F-11D3-BF4B-00C04F79EFBC}") = "Sienar.Plugins.Core.Shared", "plugins\core\src\Sienar.Plugins.Core.Shared\Sienar.Plugins.Core.Shared.csproj", "{60BE6AF7-9640-4159-B668-FE727E85C36A}"
EndProject
Project("{FAE04EC0-301F-11D3-BF4B-00C04F79EFBC}") = "Sienar.Plugins.Core.Client", "plugins\core\src\Sienar.Plugins.Core.Client\Sienar.Plugins.Core.Client.csproj", "{D15F5CB8-A135-4D77-A803-D217AF8AA3C3}"
EndProject
Project("{FAE04EC0-301F-11D3-BF4B-00C04F79EFBC}") = "Sienar.Plugins.Core.Server", "plugins\core\src\Sienar.Plugins.Core.Server\Sienar.Plugins.Core.Server.csproj", "{78B2FF0C-1515-46CD-97DD-79C6EADAA7EC}"
EndProject
Project("{2150E333-8FDC-42A3-9474-1A3956D46DE8}") = "architecture", "architecture", "{5C5ACAE0-EDCC-4E78-AEEE-0BFC5944F3D6}"
EndProject
Project("{2150E333-8FDC-42A3-9474-1A3956D46DE8}") = "src", "src", "{DD1D4AE4-5417-4358-B87E-D3B0965DFB01}"
EndProject
Project("{FAE04EC0-301F-11D3-BF4B-00C04F79EFBC}") = "Sienar.Architecture.EntityFramework", "architecture\src\Sienar.Architecture.EntityFramework\Sienar.Architecture.EntityFramework.csproj", "{71FF4437-F76C-45C3-B62D-5BBC5ABECC70}"
EndProject
Project("{FAE04EC0-301F-11D3-BF4B-00C04F79EFBC}") = "Sienar.Architecture.Web", "architecture\src\Sienar.Architecture.Web\Sienar.Architecture.Web.csproj", "{4C39E862-B447-48E0-AB77-3BBC5DB0C8FF}"
EndProject
Project("{FAE04EC0-301F-11D3-BF4B-00C04F79EFBC}") = "Sienar.Architecture.Wasm", "architecture\src\Sienar.Architecture.Wasm\Sienar.Architecture.Wasm.csproj", "{D6B9FD3F-1657-4346-A9F3-D71CB0FFEF7A}"
EndProject
Project("{FAE04EC0-301F-11D3-BF4B-00C04F79EFBC}") = "Sienar.Architecture.Rest", "architecture\src\Sienar.Architecture.Rest\Sienar.Architecture.Rest.csproj", "{6C40B5DE-0161-489F-B108-6ED5385F5DB2}"
EndProject
Project("{2150E333-8FDC-42A3-9474-1A3956D46DE8}") = "shared", "shared", "{AB411524-8DBB-4BC9-BD47-BA8822402E93}"
EndProject
Project("{2150E333-8FDC-42A3-9474-1A3956D46DE8}") = "src", "src", "{11C863C2-C181-4284-974F-9DEC271D6EE3}"
EndProject
Project("{FAE04EC0-301F-11D3-BF4B-00C04F79EFBC}") = "Sienar.Utils", "shared\src\Sienar.Utils\Sienar.Utils.csproj", "{CD5E598C-20F1-4E00-87A6-1046C8D8D034}"
EndProject
Project("{FAE04EC0-301F-11D3-BF4B-00C04F79EFBC}") = "Sienar.Utils.Sqlite", "shared\src\Sienar.Utils.Sqlite\Sienar.Utils.Sqlite.csproj", "{CA5D53AF-B6FC-4B75-B487-2549F8246F28}"
EndProject
Project("{FAE04EC0-301F-11D3-BF4B-00C04F79EFBC}") = "Sienar.Ui", "shared\src\Sienar.Ui\Sienar.Ui.csproj", "{FB99F387-A199-4CC3-9654-61ADD3087980}"
EndProject
Project("{2150E333-8FDC-42A3-9474-1A3956D46DE8}") = "tests", "tests", "{2FD53AC3-8BF0-4DD4-8DE8-AE0F61C077A3}"
EndProject
Project("{FAE04EC0-301F-11D3-BF4B-00C04F79EFBC}") = "Sienar.Utils.Tests", "shared\tests\Sienar.Utils.Tests\Sienar.Utils.Tests.csproj", "{757F285A-17D6-4387-886B-FC44445F1C1B}"
EndProject
Project("{FAE04EC0-301F-11D3-BF4B-00C04F79EFBC}") = "Sienar.Utils.Blazor", "shared\src\Sienar.Utils.Blazor\Sienar.Utils.Blazor.csproj", "{B737D83C-D052-44C9-B75D-4E0992AF953E}"
EndProject
Global
	GlobalSection(SolutionConfigurationPlatforms) = preSolution
		Debug|Any CPU = Debug|Any CPU
		Release|Any CPU = Release|Any CPU
	EndGlobalSection
	GlobalSection(SolutionProperties) = preSolution
		HideSolutionNode = FALSE
	EndGlobalSection
	GlobalSection(ProjectConfigurationPlatforms) = postSolution
		{288EEDA5-EC96-45F3-896B-067F5019C32A}.Debug|Any CPU.ActiveCfg = Debug|Any CPU
		{288EEDA5-EC96-45F3-896B-067F5019C32A}.Debug|Any CPU.Build.0 = Debug|Any CPU
		{288EEDA5-EC96-45F3-896B-067F5019C32A}.Release|Any CPU.ActiveCfg = Release|Any CPU
		{288EEDA5-EC96-45F3-896B-067F5019C32A}.Release|Any CPU.Build.0 = Release|Any CPU
		{32707482-95B4-4FD9-A08C-7783368C1F56}.Debug|Any CPU.ActiveCfg = Debug|Any CPU
		{32707482-95B4-4FD9-A08C-7783368C1F56}.Debug|Any CPU.Build.0 = Debug|Any CPU
		{32707482-95B4-4FD9-A08C-7783368C1F56}.Release|Any CPU.ActiveCfg = Release|Any CPU
		{32707482-95B4-4FD9-A08C-7783368C1F56}.Release|Any CPU.Build.0 = Release|Any CPU
		{CD59A1F1-CB14-4B83-99C2-24D8BC4629DE}.Debug|Any CPU.ActiveCfg = Debug|Any CPU
		{CD59A1F1-CB14-4B83-99C2-24D8BC4629DE}.Debug|Any CPU.Build.0 = Debug|Any CPU
		{CD59A1F1-CB14-4B83-99C2-24D8BC4629DE}.Release|Any CPU.ActiveCfg = Release|Any CPU
		{CD59A1F1-CB14-4B83-99C2-24D8BC4629DE}.Release|Any CPU.Build.0 = Release|Any CPU
		{BDC43676-8F1B-4EF1-8492-248C7EECC3EF}.Debug|Any CPU.ActiveCfg = Debug|Any CPU
		{BDC43676-8F1B-4EF1-8492-248C7EECC3EF}.Debug|Any CPU.Build.0 = Debug|Any CPU
		{BDC43676-8F1B-4EF1-8492-248C7EECC3EF}.Release|Any CPU.ActiveCfg = Release|Any CPU
		{BDC43676-8F1B-4EF1-8492-248C7EECC3EF}.Release|Any CPU.Build.0 = Release|Any CPU
		{60BE6AF7-9640-4159-B668-FE727E85C36A}.Debug|Any CPU.ActiveCfg = Debug|Any CPU
		{60BE6AF7-9640-4159-B668-FE727E85C36A}.Debug|Any CPU.Build.0 = Debug|Any CPU
		{60BE6AF7-9640-4159-B668-FE727E85C36A}.Release|Any CPU.ActiveCfg = Release|Any CPU
		{60BE6AF7-9640-4159-B668-FE727E85C36A}.Release|Any CPU.Build.0 = Release|Any CPU
		{D15F5CB8-A135-4D77-A803-D217AF8AA3C3}.Debug|Any CPU.ActiveCfg = Debug|Any CPU
		{D15F5CB8-A135-4D77-A803-D217AF8AA3C3}.Debug|Any CPU.Build.0 = Debug|Any CPU
		{D15F5CB8-A135-4D77-A803-D217AF8AA3C3}.Release|Any CPU.ActiveCfg = Release|Any CPU
		{D15F5CB8-A135-4D77-A803-D217AF8AA3C3}.Release|Any CPU.Build.0 = Release|Any CPU
		{78B2FF0C-1515-46CD-97DD-79C6EADAA7EC}.Debug|Any CPU.ActiveCfg = Debug|Any CPU
		{78B2FF0C-1515-46CD-97DD-79C6EADAA7EC}.Debug|Any CPU.Build.0 = Debug|Any CPU
		{78B2FF0C-1515-46CD-97DD-79C6EADAA7EC}.Release|Any CPU.ActiveCfg = Release|Any CPU
		{78B2FF0C-1515-46CD-97DD-79C6EADAA7EC}.Release|Any CPU.Build.0 = Release|Any CPU
		{71FF4437-F76C-45C3-B62D-5BBC5ABECC70}.Debug|Any CPU.ActiveCfg = Debug|Any CPU
		{71FF4437-F76C-45C3-B62D-5BBC5ABECC70}.Debug|Any CPU.Build.0 = Debug|Any CPU
		{71FF4437-F76C-45C3-B62D-5BBC5ABECC70}.Release|Any CPU.ActiveCfg = Release|Any CPU
		{71FF4437-F76C-45C3-B62D-5BBC5ABECC70}.Release|Any CPU.Build.0 = Release|Any CPU
		{4C39E862-B447-48E0-AB77-3BBC5DB0C8FF}.Debug|Any CPU.ActiveCfg = Debug|Any CPU
		{4C39E862-B447-48E0-AB77-3BBC5DB0C8FF}.Debug|Any CPU.Build.0 = Debug|Any CPU
		{4C39E862-B447-48E0-AB77-3BBC5DB0C8FF}.Release|Any CPU.ActiveCfg = Release|Any CPU
		{4C39E862-B447-48E0-AB77-3BBC5DB0C8FF}.Release|Any CPU.Build.0 = Release|Any CPU
		{D6B9FD3F-1657-4346-A9F3-D71CB0FFEF7A}.Debug|Any CPU.ActiveCfg = Debug|Any CPU
		{D6B9FD3F-1657-4346-A9F3-D71CB0FFEF7A}.Debug|Any CPU.Build.0 = Debug|Any CPU
		{D6B9FD3F-1657-4346-A9F3-D71CB0FFEF7A}.Release|Any CPU.ActiveCfg = Release|Any CPU
		{D6B9FD3F-1657-4346-A9F3-D71CB0FFEF7A}.Release|Any CPU.Build.0 = Release|Any CPU
		{6C40B5DE-0161-489F-B108-6ED5385F5DB2}.Debug|Any CPU.ActiveCfg = Debug|Any CPU
		{6C40B5DE-0161-489F-B108-6ED5385F5DB2}.Debug|Any CPU.Build.0 = Debug|Any CPU
		{6C40B5DE-0161-489F-B108-6ED5385F5DB2}.Release|Any CPU.ActiveCfg = Release|Any CPU
		{6C40B5DE-0161-489F-B108-6ED5385F5DB2}.Release|Any CPU.Build.0 = Release|Any CPU
		{CD5E598C-20F1-4E00-87A6-1046C8D8D034}.Debug|Any CPU.ActiveCfg = Debug|Any CPU
		{CD5E598C-20F1-4E00-87A6-1046C8D8D034}.Debug|Any CPU.Build.0 = Debug|Any CPU
		{CD5E598C-20F1-4E00-87A6-1046C8D8D034}.Release|Any CPU.ActiveCfg = Release|Any CPU
		{CD5E598C-20F1-4E00-87A6-1046C8D8D034}.Release|Any CPU.Build.0 = Release|Any CPU
		{CA5D53AF-B6FC-4B75-B487-2549F8246F28}.Debug|Any CPU.ActiveCfg = Debug|Any CPU
		{CA5D53AF-B6FC-4B75-B487-2549F8246F28}.Debug|Any CPU.Build.0 = Debug|Any CPU
		{CA5D53AF-B6FC-4B75-B487-2549F8246F28}.Release|Any CPU.ActiveCfg = Release|Any CPU
		{CA5D53AF-B6FC-4B75-B487-2549F8246F28}.Release|Any CPU.Build.0 = Release|Any CPU
		{FB99F387-A199-4CC3-9654-61ADD3087980}.Debug|Any CPU.ActiveCfg = Debug|Any CPU
		{FB99F387-A199-4CC3-9654-61ADD3087980}.Debug|Any CPU.Build.0 = Debug|Any CPU
		{FB99F387-A199-4CC3-9654-61ADD3087980}.Release|Any CPU.ActiveCfg = Release|Any CPU
		{FB99F387-A199-4CC3-9654-61ADD3087980}.Release|Any CPU.Build.0 = Release|Any CPU
		{757F285A-17D6-4387-886B-FC44445F1C1B}.Debug|Any CPU.ActiveCfg = Debug|Any CPU
		{757F285A-17D6-4387-886B-FC44445F1C1B}.Debug|Any CPU.Build.0 = Debug|Any CPU
		{757F285A-17D6-4387-886B-FC44445F1C1B}.Release|Any CPU.ActiveCfg = Release|Any CPU
		{757F285A-17D6-4387-886B-FC44445F1C1B}.Release|Any CPU.Build.0 = Release|Any CPU
		{B737D83C-D052-44C9-B75D-4E0992AF953E}.Debug|Any CPU.ActiveCfg = Debug|Any CPU
		{B737D83C-D052-44C9-B75D-4E0992AF953E}.Debug|Any CPU.Build.0 = Debug|Any CPU
		{B737D83C-D052-44C9-B75D-4E0992AF953E}.Release|Any CPU.ActiveCfg = Release|Any CPU
		{B737D83C-D052-44C9-B75D-4E0992AF953E}.Release|Any CPU.Build.0 = Release|Any CPU
	EndGlobalSection
	GlobalSection(NestedProjects) = preSolution
		{288EEDA5-EC96-45F3-896B-067F5019C32A} = {AECA84A1-073B-49F3-A5FB-0218436826FB}
		{32707482-95B4-4FD9-A08C-7783368C1F56} = {AECA84A1-073B-49F3-A5FB-0218436826FB}
		{CD59A1F1-CB14-4B83-99C2-24D8BC4629DE} = {AECA84A1-073B-49F3-A5FB-0218436826FB}
		{0C718A9F-ED39-4B9A-9D05-35FE371F954B} = {01DBB80A-3191-4D30-93E5-350E1C46E70C}
		{54399205-6828-4580-A233-B89EEE9F513C} = {0C718A9F-ED39-4B9A-9D05-35FE371F954B}
		{BDC43676-8F1B-4EF1-8492-248C7EECC3EF} = {54399205-6828-4580-A233-B89EEE9F513C}
		{AF8E8EEF-ED6D-4B46-BE1D-B32907AD3D00} = {01DBB80A-3191-4D30-93E5-350E1C46E70C}
		{CE96BC54-D099-4B3A-9CAB-DBB804630064} = {AF8E8EEF-ED6D-4B46-BE1D-B32907AD3D00}
		{60BE6AF7-9640-4159-B668-FE727E85C36A} = {CE96BC54-D099-4B3A-9CAB-DBB804630064}
		{D15F5CB8-A135-4D77-A803-D217AF8AA3C3} = {CE96BC54-D099-4B3A-9CAB-DBB804630064}
		{78B2FF0C-1515-46CD-97DD-79C6EADAA7EC} = {CE96BC54-D099-4B3A-9CAB-DBB804630064}
		{DD1D4AE4-5417-4358-B87E-D3B0965DFB01} = {5C5ACAE0-EDCC-4E78-AEEE-0BFC5944F3D6}
		{71FF4437-F76C-45C3-B62D-5BBC5ABECC70} = {DD1D4AE4-5417-4358-B87E-D3B0965DFB01}
		{4C39E862-B447-48E0-AB77-3BBC5DB0C8FF} = {DD1D4AE4-5417-4358-B87E-D3B0965DFB01}
		{D6B9FD3F-1657-4346-A9F3-D71CB0FFEF7A} = {DD1D4AE4-5417-4358-B87E-D3B0965DFB01}
		{6C40B5DE-0161-489F-B108-6ED5385F5DB2} = {DD1D4AE4-5417-4358-B87E-D3B0965DFB01}
		{11C863C2-C181-4284-974F-9DEC271D6EE3} = {AB411524-8DBB-4BC9-BD47-BA8822402E93}
		{CD5E598C-20F1-4E00-87A6-1046C8D8D034} = {11C863C2-C181-4284-974F-9DEC271D6EE3}
		{CA5D53AF-B6FC-4B75-B487-2549F8246F28} = {11C863C2-C181-4284-974F-9DEC271D6EE3}
		{FB99F387-A199-4CC3-9654-61ADD3087980} = {11C863C2-C181-4284-974F-9DEC271D6EE3}
		{2FD53AC3-8BF0-4DD4-8DE8-AE0F61C077A3} = {AB411524-8DBB-4BC9-BD47-BA8822402E93}
		{757F285A-17D6-4387-886B-FC44445F1C1B} = {2FD53AC3-8BF0-4DD4-8DE8-AE0F61C077A3}
		{B737D83C-D052-44C9-B75D-4E0992AF953E} = {11C863C2-C181-4284-974F-9DEC271D6EE3}
	EndGlobalSection
EndGlobal
