
Microsoft Visual Studio Solution File, Format Version 12.00
# Visual Studio Version 17
VisualStudioVersion = 17.0.31903.59
MinimumVisualStudioVersion = 10.0.40219.1
Project("{2150E333-8FDC-42A3-9474-1A3956D46DE8}") = "playground", "playground", "{AECA84A1-073B-49F3-A5FB-0218436826FB}"
EndProject
Project("{FAE04EC0-301F-11D3-BF4B-00C04F79EFBC}") = "TestProject.Data", "playground\TestProject.Data\TestProject.Data.csproj", "{288EEDA5-EC96-45F3-896B-067F5019C32A}"
EndProject
Project("{FAE04EC0-301F-11D3-BF4B-00C04F79EFBC}") = "TestProject.Server", "playground\TestProject.Server\TestProject.Server.csproj", "{32707482-95B4-4FD9-A08C-7783368C1F56}"
EndProject
Project("{2150E333-8FDC-42A3-9474-1A3956D46DE8}") = "tests", "tests", "{2FD53AC3-8BF0-4DD4-8DE8-AE0F61C077A3}"
EndProject
Project("{FAE04EC0-301F-11D3-BF4B-00C04F79EFBC}") = "Sienar.Utils.Tests", "tests\Sienar.Utils.Tests\Sienar.Utils.Tests.csproj", "{757F285A-17D6-4387-886B-FC44445F1C1B}"
EndProject
Project("{2150E333-8FDC-42A3-9474-1A3956D46DE8}") = "src", "src", "{F946DE37-339A-4638-9862-2C6D3896B150}"
EndProject
Project("{FAE04EC0-301F-11D3-BF4B-00C04F79EFBC}") = "Sienar.Utils", "src\Sienar.Utils\Sienar.Utils.csproj", "{4B54A394-74DA-4CED-8B79-8EB8A8E2E442}"
EndProject
Project("{FAE04EC0-301F-11D3-BF4B-00C04F79EFBC}") = "Sienar.Utils.Sqlite", "src\Sienar.Utils.Sqlite\Sienar.Utils.Sqlite.csproj", "{12789D9D-5C21-4065-A8E8-AE2FB66B95EA}"
EndProject
Project("{FAE04EC0-301F-11D3-BF4B-00C04F79EFBC}") = "Sienar.Plugins.Identity", "src\Sienar.Plugins.Identity\Sienar.Plugins.Identity.csproj", "{33A9822B-FDD0-4BAD-AAC6-7759D119C7D4}"
EndProject
Project("{FAE04EC0-301F-11D3-BF4B-00C04F79EFBC}") = "Sienar.Plugins.Core", "src\Sienar.Plugins.Core\Sienar.Plugins.Core.csproj", "{811297A4-1A1D-4A89-9E14-9E0154CDF070}"
EndProject
Project("{FAE04EC0-301F-11D3-BF4B-00C04F79EFBC}") = "Sienar.Architecture.EntityFramework", "src\Sienar.Architecture.EntityFramework\Sienar.Architecture.EntityFramework.csproj", "{5291BC09-73A5-4DA1-9714-0DDF965A4C81}"
EndProject
Project("{FAE04EC0-301F-11D3-BF4B-00C04F79EFBC}") = "Sienar.Plugins.MailKit", "src\Sienar.Plugins.MailKit\Sienar.Plugins.MailKit.csproj", "{28FE3C69-9A10-4C04-9F95-EC6F1B57BF3D}"
EndProject
Global
	GlobalSection(SolutionConfigurationPlatforms) = preSolution
		Debug|Any CPU = Debug|Any CPU
		Release|Any CPU = Release|Any CPU
	EndGlobalSection
	GlobalSection(SolutionProperties) = preSolution
		HideSolutionNode = FALSE
	EndGlobalSection
	GlobalSection(ProjectConfigurationPlatforms) = postSolution
		{288EEDA5-EC96-45F3-896B-067F5019C32A}.Debug|Any CPU.ActiveCfg = Debug|Any CPU
		{288EEDA5-EC96-45F3-896B-067F5019C32A}.Debug|Any CPU.Build.0 = Debug|Any CPU
		{288EEDA5-EC96-45F3-896B-067F5019C32A}.Release|Any CPU.ActiveCfg = Release|Any CPU
		{288EEDA5-EC96-45F3-896B-067F5019C32A}.Release|Any CPU.Build.0 = Release|Any CPU
		{32707482-95B4-4FD9-A08C-7783368C1F56}.Debug|Any CPU.ActiveCfg = Debug|Any CPU
		{32707482-95B4-4FD9-A08C-7783368C1F56}.Debug|Any CPU.Build.0 = Debug|Any CPU
		{32707482-95B4-4FD9-A08C-7783368C1F56}.Release|Any CPU.ActiveCfg = Release|Any CPU
		{32707482-95B4-4FD9-A08C-7783368C1F56}.Release|Any CPU.Build.0 = Release|Any CPU
		{757F285A-17D6-4387-886B-FC44445F1C1B}.Debug|Any CPU.ActiveCfg = Debug|Any CPU
		{757F285A-17D6-4387-886B-FC44445F1C1B}.Debug|Any CPU.Build.0 = Debug|Any CPU
		{757F285A-17D6-4387-886B-FC44445F1C1B}.Release|Any CPU.ActiveCfg = Release|Any CPU
		{757F285A-17D6-4387-886B-FC44445F1C1B}.Release|Any CPU.Build.0 = Release|Any CPU
		{4B54A394-74DA-4CED-8B79-8EB8A8E2E442}.Debug|Any CPU.ActiveCfg = Debug|Any CPU
		{4B54A394-74DA-4CED-8B79-8EB8A8E2E442}.Debug|Any CPU.Build.0 = Debug|Any CPU
		{4B54A394-74DA-4CED-8B79-8EB8A8E2E442}.Release|Any CPU.ActiveCfg = Release|Any CPU
		{4B54A394-74DA-4CED-8B79-8EB8A8E2E442}.Release|Any CPU.Build.0 = Release|Any CPU
		{12789D9D-5C21-4065-A8E8-AE2FB66B95EA}.Debug|Any CPU.ActiveCfg = Debug|Any CPU
		{12789D9D-5C21-4065-A8E8-AE2FB66B95EA}.Debug|Any CPU.Build.0 = Debug|Any CPU
		{12789D9D-5C21-4065-A8E8-AE2FB66B95EA}.Release|Any CPU.ActiveCfg = Release|Any CPU
		{12789D9D-5C21-4065-A8E8-AE2FB66B95EA}.Release|Any CPU.Build.0 = Release|Any CPU
		{33A9822B-FDD0-4BAD-AAC6-7759D119C7D4}.Debug|Any CPU.ActiveCfg = Debug|Any CPU
		{33A9822B-FDD0-4BAD-AAC6-7759D119C7D4}.Debug|Any CPU.Build.0 = Debug|Any CPU
		{33A9822B-FDD0-4BAD-AAC6-7759D119C7D4}.Release|Any CPU.ActiveCfg = Release|Any CPU
		{33A9822B-FDD0-4BAD-AAC6-7759D119C7D4}.Release|Any CPU.Build.0 = Release|Any CPU
		{811297A4-1A1D-4A89-9E14-9E0154CDF070}.Debug|Any CPU.ActiveCfg = Debug|Any CPU
		{811297A4-1A1D-4A89-9E14-9E0154CDF070}.Debug|Any CPU.Build.0 = Debug|Any CPU
		{811297A4-1A1D-4A89-9E14-9E0154CDF070}.Release|Any CPU.ActiveCfg = Release|Any CPU
		{811297A4-1A1D-4A89-9E14-9E0154CDF070}.Release|Any CPU.Build.0 = Release|Any CPU
		{5291BC09-73A5-4DA1-9714-0DDF965A4C81}.Debug|Any CPU.ActiveCfg = Debug|Any CPU
		{5291BC09-73A5-4DA1-9714-0DDF965A4C81}.Debug|Any CPU.Build.0 = Debug|Any CPU
		{5291BC09-73A5-4DA1-9714-0DDF965A4C81}.Release|Any CPU.ActiveCfg = Release|Any CPU
		{5291BC09-73A5-4DA1-9714-0DDF965A4C81}.Release|Any CPU.Build.0 = Release|Any CPU
		{28FE3C69-9A10-4C04-9F95-EC6F1B57BF3D}.Debug|Any CPU.ActiveCfg = Debug|Any CPU
		{28FE3C69-9A10-4C04-9F95-EC6F1B57BF3D}.Debug|Any CPU.Build.0 = Debug|Any CPU
		{28FE3C69-9A10-4C04-9F95-EC6F1B57BF3D}.Release|Any CPU.ActiveCfg = Release|Any CPU
		{28FE3C69-9A10-4C04-9F95-EC6F1B57BF3D}.Release|Any CPU.Build.0 = Release|Any CPU
	EndGlobalSection
	GlobalSection(NestedProjects) = preSolution
		{288EEDA5-EC96-45F3-896B-067F5019C32A} = {AECA84A1-073B-49F3-A5FB-0218436826FB}
		{32707482-95B4-4FD9-A08C-7783368C1F56} = {AECA84A1-073B-49F3-A5FB-0218436826FB}
		{757F285A-17D6-4387-886B-FC44445F1C1B} = {2FD53AC3-8BF0-4DD4-8DE8-AE0F61C077A3}
		{4B54A394-74DA-4CED-8B79-8EB8A8E2E442} = {F946DE37-339A-4638-9862-2C6D3896B150}
		{12789D9D-5C21-4065-A8E8-AE2FB66B95EA} = {F946DE37-339A-4638-9862-2C6D3896B150}
		{33A9822B-FDD0-4BAD-AAC6-7759D119C7D4} = {F946DE37-339A-4638-9862-2C6D3896B150}
		{811297A4-1A1D-4A89-9E14-9E0154CDF070} = {F946DE37-339A-4638-9862-2C6D3896B150}
		{5291BC09-73A5-4DA1-9714-0DDF965A4C81} = {F946DE37-339A-4638-9862-2C6D3896B150}
		{28FE3C69-9A10-4C04-9F95-EC6F1B57BF3D} = {F946DE37-339A-4638-9862-2C6D3896B150}
	EndGlobalSection
EndGlobal
